# ============================================================================
# S2S 容器镜像基线台账
# ----------------------------------------------------------------------------
# 依据：《部署架构设计文档》§14.6 容器镜像基线
#
# 用途：锁定三套环境【共用】的基础镜像 tag 与 digest，确保构建可复现。
#       三环境共用同一基线是「dev 能过 prod 也能过」的前提，
#       禁止按环境分叉 —— 分叉意味着 dev 从没测过的 MySQL 版本在 prod 上跑。
#
# 为什么 tag 不够、还要 digest：
#   tag 是【可变引用】。caddy:2.8-alpine 在上游发补丁时会被重新指向新镜像，
#   同一条 compose 文件今天和三个月后 pull 到的可以是不同的二进制。
#   digest 是内容哈希，是唯一真正不可变的标识。台账记录 digest 才能回答
#   「线上这个容器到底是哪一版」——回滚与安全响应都依赖这个答案。
#
# ---------------------------------------------------------------------------
# 格式（每行一条，# 开头为注释）：
#   <镜像名>:<tag> <digest 或 PENDING>
#
# digest 值当前一律为 PENDING：本机尚未执行过 docker pull，
# 没有任何可信来源可以填入真实哈希。【禁止】凭空编造 sha256 值 ——
# 假 digest 比没有 digest 更危险：校验脚本会拿它去比对并永远报不一致，
# 几次之后所有人都会开始无视这个告警，基线就此失效。
#
# 首次填充（在能联网 pull 的机器上执行一次即可）：
#   bash deploy/scripts/image-baseline.sh --refresh
# 该命令会 pull 全部镜像、读取真实 digest 并就地回写本文件，随后提交入库。
#
# 后续校验（每次发版前，由 gate-check.sh 调用）：
#   bash deploy/scripts/image-baseline.sh --verify
#
# 纪律：
#   1. 【禁止】latest / RELEASE / 版本范围，tag 必须精确
#   2. 升级镜像版本时，改 tag 后必须重跑 --refresh 更新 digest，
#      并在提交信息里写明升级原因与验证结果
#   3. digest 一旦填入即入库，本文件是【可审计的版本事实来源】
# ============================================================================

# ---------------------------------------------------------------------------
# 运行期镜像（三环境完全一致）
# ---------------------------------------------------------------------------

# TLS 终止与反向代理。2.8 系列，不追 2.9（《技术栈选型说明》定案）
caddy:2.8-alpine PENDING

# 关系库。8.4 是 LTS；8.0 已进入 EOL 倒计时，不选
mysql:8.4 PENDING

# 缓存与会话。7.4 稳定版，alpine 变体减体积
redis:7.4-alpine PENDING

# ---------------------------------------------------------------------------
# 构建期镜像（不进运行镜像，但同样锁定 —— 构建工具链变更会改变产物）
# 与 deploy/Dockerfile 中的 FROM 行必须逐字一致，改一处必须改另一处
# ---------------------------------------------------------------------------

maven:3.9-eclipse-temurin-21 PENDING
eclipse-temurin:21-jre-alpine PENDING
